schema: '2.0'
stages:
  preprocess:
    cmd: python src/preprocess.py data/raw.csv data/processed.csv
    deps:
    - path: data/raw.csv
      hash: md5
      md5: 448de498a9f801b2a2f00c733ae192f5
      size: 310056916
    - path: src/preprocess.py
      hash: md5
      md5: 01422bfdf06eeefd766369b2889b6004
      size: 842
    outs:
    - path: data/processed.csv
      hash: md5
      md5: c3bef4719913c385afc8399fe12eb3eb
      size: 82497615
  train:
    cmd: python src/train.py data/processed.csv models/
    deps:
    - path: data/processed.csv
      hash: md5
      md5: c3bef4719913c385afc8399fe12eb3eb
      size: 82497615
    - path: src/train.py
      hash: md5
      md5: 87440ff3904eecdf40270ce4696fa933
      size: 4634
    outs:
    - path: models/
      hash: md5
      md5: 19976724051f0300ad86fc407fd01494.dir
      size: 9464477
      nfiles: 3
